
Microsoft Visual Studio Solution File, Format Version 12.00
# Visual Studio 15
VisualStudioVersion = 15.0.28307.960
MinimumVisualStudioVersion = 10.0.40219.1
Project("{9A19103F-16F7-4668-BE54-9A1E7A4F7556}") = "TravelEurope.WebAPI", "TravelEurope.WebAPI\TravelEurope.WebAPI.csproj", "{434148BC-1C8E-4DB9-A65A-DD6C5B01376F}"
EndProject
Project("{9A19103F-16F7-4668-BE54-9A1E7A4F7556}") = "TravelEurope.Model", "TravelEurope.Model\TravelEurope.Model.csproj", "{4C6BDA86-7541-410E-80F4-06B8DD243B84}"
EndProject
Project("{FAE04EC0-301F-11D3-BF4B-00C04F79EFBC}") = "TravelEurope.WinUI", "TravelEurope.WinUI\TravelEurope.WinUI.csproj", "{8CC6234E-61C0-4111-9D6C-E3E8C96FA3B0}"
EndProject
Project("{2150E333-8FDC-42A3-9474-1A3956D46DE8}") = "Mobile", "Mobile", "{89174D45-86CC-4912-A4FA-374C128D4E58}"
EndProject
Project("{FAE04EC0-301F-11D3-BF4B-00C04F79EFBC}") = "TravelEurope.Mobile.Android", "TravelEurope.Mobile\TravelEurope.Mobile.Android\TravelEurope.Mobile.Android.csproj", "{24CE3C36-16B9-426D-AA0C-5961ECF8D88C}"
EndProject
Project("{FAE04EC0-301F-11D3-BF4B-00C04F79EFBC}") = "TravelEurope.Mobile.iOS", "TravelEurope.Mobile\TravelEurope.Mobile.iOS\TravelEurope.Mobile.iOS.csproj", "{B7B9CE3B-C468-4F54-A79C-3A808DE922E1}"
EndProject
Project("{FAE04EC0-301F-11D3-BF4B-00C04F79EFBC}") = "TravelEurope.Mobile.UWP", "TravelEurope.Mobile\TravelEurope.Mobile.UWP\TravelEurope.Mobile.UWP.csproj", "{91EF4F16-6E48-42BF-8BD2-1F8EB16C93BA}"
EndProject
Project("{9A19103F-16F7-4668-BE54-9A1E7A4F7556}") = "TravelEurope.Mobile", "TravelEurope.Mobile\TravelEurope.Mobile\TravelEurope.Mobile.csproj", "{B6EC2006-71E9-4B90-9AB9-9E66593AF4A9}"
EndProject
Global
	GlobalSection(SolutionConfigurationPlatforms) = preSolution
		Ad-Hoc|Any CPU = Ad-Hoc|Any CPU
		Ad-Hoc|ARM = Ad-Hoc|ARM
		Ad-Hoc|iPhone = Ad-Hoc|iPhone
		Ad-Hoc|iPhoneSimulator = Ad-Hoc|iPhoneSimulator
		Ad-Hoc|x64 = Ad-Hoc|x64
		Ad-Hoc|x86 = Ad-Hoc|x86
		AppStore|Any CPU = AppStore|Any CPU
		AppStore|ARM = AppStore|ARM
		AppStore|iPhone = AppStore|iPhone
		AppStore|iPhoneSimulator = AppStore|iPhoneSimulator
		AppStore|x64 = AppStore|x64
		AppStore|x86 = AppStore|x86
		Debug|Any CPU = Debug|Any CPU
		Debug|ARM = Debug|ARM
		Debug|iPhone = Debug|iPhone
		Debug|iPhoneSimulator = Debug|iPhoneSimulator
		Debug|x64 = Debug|x64
		Debug|x86 = Debug|x86
		Release|Any CPU = Release|Any CPU
		Release|ARM = Release|ARM
		Release|iPhone = Release|iPhone
		Release|iPhoneSimulator = Release|iPhoneSimulator
		Release|x64 = Release|x64
		Release|x86 = Release|x86
	EndGlobalSection
	GlobalSection(ProjectConfigurationPlatforms) = postSolution
		{434148BC-1C8E-4DB9-A65A-DD6C5B01376F}.Ad-Hoc|Any CPU.ActiveCfg = Release|Any CPU
		{434148BC-1C8E-4DB9-A65A-DD6C5B01376F}.Ad-Hoc|Any CPU.Build.0 = Release|Any CPU
		{434148BC-1C8E-4DB9-A65A-DD6C5B01376F}.Ad-Hoc|ARM.ActiveCfg = Release|Any CPU
		{434148BC-1C8E-4DB9-A65A-DD6C5B01376F}.Ad-Hoc|ARM.Build.0 = Release|Any CPU
		{434148BC-1C8E-4DB9-A65A-DD6C5B01376F}.Ad-Hoc|iPhone.ActiveCfg = Release|Any CPU
		{434148BC-1C8E-4DB9-A65A-DD6C5B01376F}.Ad-Hoc|iPhone.Build.0 = Release|Any CPU
		{434148BC-1C8E-4DB9-A65A-DD6C5B01376F}.Ad-Hoc|iPhoneSimulator.ActiveCfg = Release|Any CPU
		{434148BC-1C8E-4DB9-A65A-DD6C5B01376F}.Ad-Hoc|iPhoneSimulator.Build.0 = Release|Any CPU
		{434148BC-1C8E-4DB9-A65A-DD6C5B01376F}.Ad-Hoc|x64.ActiveCfg = Release|Any CPU
		{434148BC-1C8E-4DB9-A65A-DD6C5B01376F}.Ad-Hoc|x64.Build.0 = Release|Any CPU
		{434148BC-1C8E-4DB9-A65A-DD6C5B01376F}.Ad-Hoc|x86.ActiveCfg = Release|Any CPU
		{434148BC-1C8E-4DB9-A65A-DD6C5B01376F}.Ad-Hoc|x86.Build.0 = Release|Any CPU
		{434148BC-1C8E-4DB9-A65A-DD6C5B01376F}.AppStore|Any CPU.ActiveCfg = Release|Any CPU
		{434148BC-1C8E-4DB9-A65A-DD6C5B01376F}.AppStore|Any CPU.Build.0 = Release|Any CPU
		{434148BC-1C8E-4DB9-A65A-DD6C5B01376F}.AppStore|ARM.ActiveCfg = Release|Any CPU
		{434148BC-1C8E-4DB9-A65A-DD6C5B01376F}.AppStore|ARM.Build.0 = Release|Any CPU
		{434148BC-1C8E-4DB9-A65A-DD6C5B01376F}.AppStore|iPhone.ActiveCfg = Release|Any CPU
		{434148BC-1C8E-4DB9-A65A-DD6C5B01376F}.AppStore|iPhone.Build.0 = Release|Any CPU
		{434148BC-1C8E-4DB9-A65A-DD6C5B01376F}.AppStore|iPhoneSimulator.ActiveCfg = Release|Any CPU
		{434148BC-1C8E-4DB9-A65A-DD6C5B01376F}.AppStore|iPhoneSimulator.Build.0 = Release|Any CPU
		{434148BC-1C8E-4DB9-A65A-DD6C5B01376F}.AppStore|x64.ActiveCfg = Release|Any CPU
		{434148BC-1C8E-4DB9-A65A-DD6C5B01376F}.AppStore|x64.Build.0 = Release|Any CPU
		{434148BC-1C8E-4DB9-A65A-DD6C5B01376F}.AppStore|x86.ActiveCfg = Release|Any CPU
		{434148BC-1C8E-4DB9-A65A-DD6C5B01376F}.AppStore|x86.Build.0 = Release|Any CPU
		{434148BC-1C8E-4DB9-A65A-DD6C5B01376F}.Debug|Any CPU.ActiveCfg = Debug|Any CPU
		{434148BC-1C8E-4DB9-A65A-DD6C5B01376F}.Debug|Any CPU.Build.0 = Debug|Any CPU
		{434148BC-1C8E-4DB9-A65A-DD6C5B01376F}.Debug|ARM.ActiveCfg = Debug|Any CPU
		{434148BC-1C8E-4DB9-A65A-DD6C5B01376F}.Debug|ARM.Build.0 = Debug|Any CPU
		{434148BC-1C8E-4DB9-A65A-DD6C5B01376F}.Debug|iPhone.ActiveCfg = Debug|Any CPU
		{434148BC-1C8E-4DB9-A65A-DD6C5B01376F}.Debug|iPhone.Build.0 = Debug|Any CPU
		{434148BC-1C8E-4DB9-A65A-DD6C5B01376F}.Debug|iPhoneSimulator.ActiveCfg = Release|Any CPU
		{434148BC-1C8E-4DB9-A65A-DD6C5B01376F}.Debug|iPhoneSimulator.Build.0 = Release|Any CPU
		{434148BC-1C8E-4DB9-A65A-DD6C5B01376F}.Debug|x64.ActiveCfg = Debug|Any CPU
		{434148BC-1C8E-4DB9-A65A-DD6C5B01376F}.Debug|x64.Build.0 = Debug|Any CPU
		{434148BC-1C8E-4DB9-A65A-DD6C5B01376F}.Debug|x86.ActiveCfg = Debug|Any CPU
		{434148BC-1C8E-4DB9-A65A-DD6C5B01376F}.Debug|x86.Build.0 = Debug|Any CPU
		{434148BC-1C8E-4DB9-A65A-DD6C5B01376F}.Release|Any CPU.ActiveCfg = Release|Any CPU
		{434148BC-1C8E-4DB9-A65A-DD6C5B01376F}.Release|Any CPU.Build.0 = Release|Any CPU
		{434148BC-1C8E-4DB9-A65A-DD6C5B01376F}.Release|ARM.ActiveCfg = Release|Any CPU
		{434148BC-1C8E-4DB9-A65A-DD6C5B01376F}.Release|ARM.Build.0 = Release|Any CPU
		{434148BC-1C8E-4DB9-A65A-DD6C5B01376F}.Release|iPhone.ActiveCfg = Release|Any CPU
		{434148BC-1C8E-4DB9-A65A-DD6C5B01376F}.Release|iPhone.Build.0 = Release|Any CPU
		{434148BC-1C8E-4DB9-A65A-DD6C5B01376F}.Release|iPhoneSimulator.ActiveCfg = Release|Any CPU
		{434148BC-1C8E-4DB9-A65A-DD6C5B01376F}.Release|iPhoneSimulator.Build.0 = Release|Any CPU
		{434148BC-1C8E-4DB9-A65A-DD6C5B01376F}.Release|x64.ActiveCfg = Release|Any CPU
		{434148BC-1C8E-4DB9-A65A-DD6C5B01376F}.Release|x64.Build.0 = Release|Any CPU
		{434148BC-1C8E-4DB9-A65A-DD6C5B01376F}.Release|x86.ActiveCfg = Release|Any CPU
		{434148BC-1C8E-4DB9-A65A-DD6C5B01376F}.Release|x86.Build.0 = Release|Any CPU
		{4C6BDA86-7541-410E-80F4-06B8DD243B84}.Ad-Hoc|Any CPU.ActiveCfg = Release|Any CPU
		{4C6BDA86-7541-410E-80F4-06B8DD243B84}.Ad-Hoc|Any CPU.Build.0 = Release|Any CPU
		{4C6BDA86-7541-410E-80F4-06B8DD243B84}.Ad-Hoc|ARM.ActiveCfg = Release|Any CPU
		{4C6BDA86-7541-410E-80F4-06B8DD243B84}.Ad-Hoc|ARM.Build.0 = Release|Any CPU
		{4C6BDA86-7541-410E-80F4-06B8DD243B84}.Ad-Hoc|iPhone.ActiveCfg = Release|Any CPU
		{4C6BDA86-7541-410E-80F4-06B8DD243B84}.Ad-Hoc|iPhone.Build.0 = Release|Any CPU
		{4C6BDA86-7541-410E-80F4-06B8DD243B84}.Ad-Hoc|iPhoneSimulator.ActiveCfg = Release|Any CPU
		{4C6BDA86-7541-410E-80F4-06B8DD243B84}.Ad-Hoc|iPhoneSimulator.Build.0 = Release|Any CPU
		{4C6BDA86-7541-410E-80F4-06B8DD243B84}.Ad-Hoc|x64.ActiveCfg = Release|Any CPU
		{4C6BDA86-7541-410E-80F4-06B8DD243B84}.Ad-Hoc|x64.Build.0 = Release|Any CPU
		{4C6BDA86-7541-410E-80F4-06B8DD243B84}.Ad-Hoc|x86.ActiveCfg = Release|Any CPU
		{4C6BDA86-7541-410E-80F4-06B8DD243B84}.Ad-Hoc|x86.Build.0 = Release|Any CPU
		{4C6BDA86-7541-410E-80F4-06B8DD243B84}.AppStore|Any CPU.ActiveCfg = Release|Any CPU
		{4C6BDA86-7541-410E-80F4-06B8DD243B84}.AppStore|Any CPU.Build.0 = Release|Any CPU
		{4C6BDA86-7541-410E-80F4-06B8DD243B84}.AppStore|ARM.ActiveCfg = Release|Any CPU
		{4C6BDA86-7541-410E-80F4-06B8DD243B84}.AppStore|ARM.Build.0 = Release|Any CPU
		{4C6BDA86-7541-410E-80F4-06B8DD243B84}.AppStore|iPhone.ActiveCfg = Release|Any CPU
		{4C6BDA86-7541-410E-80F4-06B8DD243B84}.AppStore|iPhone.Build.0 = Release|Any CPU
		{4C6BDA86-7541-410E-80F4-06B8DD243B84}.AppStore|iPhoneSimulator.ActiveCfg = Release|Any CPU
		{4C6BDA86-7541-410E-80F4-06B8DD243B84}.AppStore|iPhoneSimulator.Build.0 = Release|Any CPU
		{4C6BDA86-7541-410E-80F4-06B8DD243B84}.AppStore|x64.ActiveCfg = Release|Any CPU
		{4C6BDA86-7541-410E-80F4-06B8DD243B84}.AppStore|x64.Build.0 = Release|Any CPU
		{4C6BDA86-7541-410E-80F4-06B8DD243B84}.AppStore|x86.ActiveCfg = Release|Any CPU
		{4C6BDA86-7541-410E-80F4-06B8DD243B84}.AppStore|x86.Build.0 = Release|Any CPU
		{4C6BDA86-7541-410E-80F4-06B8DD243B84}.Debug|Any CPU.ActiveCfg = Debug|Any CPU
		{4C6BDA86-7541-410E-80F4-06B8DD243B84}.Debug|Any CPU.Build.0 = Debug|Any CPU
		{4C6BDA86-7541-410E-80F4-06B8DD243B84}.Debug|ARM.ActiveCfg = Debug|Any CPU
		{4C6BDA86-7541-410E-80F4-06B8DD243B84}.Debug|ARM.Build.0 = Debug|Any CPU
		{4C6BDA86-7541-410E-80F4-06B8DD243B84}.Debug|iPhone.ActiveCfg = Debug|Any CPU
		{4C6BDA86-7541-410E-80F4-06B8DD243B84}.Debug|iPhone.Build.0 = Debug|Any CPU
		{4C6BDA86-7541-410E-80F4-06B8DD243B84}.Debug|iPhoneSimulator.ActiveCfg = Release|Any CPU
		{4C6BDA86-7541-410E-80F4-06B8DD243B84}.Debug|iPhoneSimulator.Build.0 = Release|Any CPU
		{4C6BDA86-7541-410E-80F4-06B8DD243B84}.Debug|x64.ActiveCfg = Debug|Any CPU
		{4C6BDA86-7541-410E-80F4-06B8DD243B84}.Debug|x64.Build.0 = Debug|Any CPU
		{4C6BDA86-7541-410E-80F4-06B8DD243B84}.Debug|x86.ActiveCfg = Debug|Any CPU
		{4C6BDA86-7541-410E-80F4-06B8DD243B84}.Debug|x86.Build.0 = Debug|Any CPU
		{4C6BDA86-7541-410E-80F4-06B8DD243B84}.Release|Any CPU.ActiveCfg = Release|Any CPU
		{4C6BDA86-7541-410E-80F4-06B8DD243B84}.Release|Any CPU.Build.0 = Release|Any CPU
		{4C6BDA86-7541-410E-80F4-06B8DD243B84}.Release|ARM.ActiveCfg = Release|Any CPU
		{4C6BDA86-7541-410E-80F4-06B8DD243B84}.Release|ARM.Build.0 = Release|Any CPU
		{4C6BDA86-7541-410E-80F4-06B8DD243B84}.Release|iPhone.ActiveCfg = Release|Any CPU
		{4C6BDA86-7541-410E-80F4-06B8DD243B84}.Release|iPhone.Build.0 = Release|Any CPU
		{4C6BDA86-7541-410E-80F4-06B8DD243B84}.Release|iPhoneSimulator.ActiveCfg = Release|Any CPU
		{4C6BDA86-7541-410E-80F4-06B8DD243B84}.Release|iPhoneSimulator.Build.0 = Release|Any CPU
		{4C6BDA86-7541-410E-80F4-06B8DD243B84}.Release|x64.ActiveCfg = Release|Any CPU
		{4C6BDA86-7541-410E-80F4-06B8DD243B84}.Release|x64.Build.0 = Release|Any CPU
		{4C6BDA86-7541-410E-80F4-06B8DD243B84}.Release|x86.ActiveCfg = Release|Any CPU
		{4C6BDA86-7541-410E-80F4-06B8DD243B84}.Release|x86.Build.0 = Release|Any CPU
		{8CC6234E-61C0-4111-9D6C-E3E8C96FA3B0}.Ad-Hoc|Any CPU.ActiveCfg = Release|Any CPU
		{8CC6234E-61C0-4111-9D6C-E3E8C96FA3B0}.Ad-Hoc|Any CPU.Build.0 = Release|Any CPU
		{8CC6234E-61C0-4111-9D6C-E3E8C96FA3B0}.Ad-Hoc|ARM.ActiveCfg = Release|Any CPU
		{8CC6234E-61C0-4111-9D6C-E3E8C96FA3B0}.Ad-Hoc|ARM.Build.0 = Release|Any CPU
		{8CC6234E-61C0-4111-9D6C-E3E8C96FA3B0}.Ad-Hoc|iPhone.ActiveCfg = Release|Any CPU
		{8CC6234E-61C0-4111-9D6C-E3E8C96FA3B0}.Ad-Hoc|iPhone.Build.0 = Release|Any CPU
		{8CC6234E-61C0-4111-9D6C-E3E8C96FA3B0}.Ad-Hoc|iPhoneSimulator.ActiveCfg = Release|Any CPU
		{8CC6234E-61C0-4111-9D6C-E3E8C96FA3B0}.Ad-Hoc|iPhoneSimulator.Build.0 = Release|Any CPU
		{8CC6234E-61C0-4111-9D6C-E3E8C96FA3B0}.Ad-Hoc|x64.ActiveCfg = Release|Any CPU
		{8CC6234E-61C0-4111-9D6C-E3E8C96FA3B0}.Ad-Hoc|x64.Build.0 = Release|Any CPU
		{8CC6234E-61C0-4111-9D6C-E3E8C96FA3B0}.Ad-Hoc|x86.ActiveCfg = Release|Any CPU
		{8CC6234E-61C0-4111-9D6C-E3E8C96FA3B0}.Ad-Hoc|x86.Build.0 = Release|Any CPU
		{8CC6234E-61C0-4111-9D6C-E3E8C96FA3B0}.AppStore|Any CPU.ActiveCfg = Release|Any CPU
		{8CC6234E-61C0-4111-9D6C-E3E8C96FA3B0}.AppStore|Any CPU.Build.0 = Release|Any CPU
		{8CC6234E-61C0-4111-9D6C-E3E8C96FA3B0}.AppStore|ARM.ActiveCfg = Release|Any CPU
		{8CC6234E-61C0-4111-9D6C-E3E8C96FA3B0}.AppStore|ARM.Build.0 = Release|Any CPU
		{8CC6234E-61C0-4111-9D6C-E3E8C96FA3B0}.AppStore|iPhone.ActiveCfg = Release|Any CPU
		{8CC6234E-61C0-4111-9D6C-E3E8C96FA3B0}.AppStore|iPhone.Build.0 = Release|Any CPU
		{8CC6234E-61C0-4111-9D6C-E3E8C96FA3B0}.AppStore|iPhoneSimulator.ActiveCfg = Release|Any CPU
		{8CC6234E-61C0-4111-9D6C-E3E8C96FA3B0}.AppStore|iPhoneSimulator.Build.0 = Release|Any CPU
		{8CC6234E-61C0-4111-9D6C-E3E8C96FA3B0}.AppStore|x64.ActiveCfg = Release|Any CPU
		{8CC6234E-61C0-4111-9D6C-E3E8C96FA3B0}.AppStore|x64.Build.0 = Release|Any CPU
		{8CC6234E-61C0-4111-9D6C-E3E8C96FA3B0}.AppStore|x86.ActiveCfg = Release|Any CPU
		{8CC6234E-61C0-4111-9D6C-E3E8C96FA3B0}.AppStore|x86.Build.0 = Release|Any CPU
		{8CC6234E-61C0-4111-9D6C-E3E8C96FA3B0}.Debug|Any CPU.ActiveCfg = Debug|Any CPU
		{8CC6234E-61C0-4111-9D6C-E3E8C96FA3B0}.Debug|Any CPU.Build.0 = Debug|Any CPU
		{8CC6234E-61C0-4111-9D6C-E3E8C96FA3B0}.Debug|ARM.ActiveCfg = Debug|Any CPU
		{8CC6234E-61C0-4111-9D6C-E3E8C96FA3B0}.Debug|ARM.Build.0 = Debug|Any CPU
		{8CC6234E-61C0-4111-9D6C-E3E8C96FA3B0}.Debug|iPhone.ActiveCfg = Debug|Any CPU
		{8CC6234E-61C0-4111-9D6C-E3E8C96FA3B0}.Debug|iPhone.Build.0 = Debug|Any CPU
		{8CC6234E-61C0-4111-9D6C-E3E8C96FA3B0}.Debug|iPhoneSimulator.ActiveCfg = Release|Any CPU
		{8CC6234E-61C0-4111-9D6C-E3E8C96FA3B0}.Debug|iPhoneSimulator.Build.0 = Release|Any CPU
		{8CC6234E-61C0-4111-9D6C-E3E8C96FA3B0}.Debug|x64.ActiveCfg = Debug|Any CPU
		{8CC6234E-61C0-4111-9D6C-E3E8C96FA3B0}.Debug|x64.Build.0 = Debug|Any CPU
		{8CC6234E-61C0-4111-9D6C-E3E8C96FA3B0}.Debug|x86.ActiveCfg = Debug|Any CPU
		{8CC6234E-61C0-4111-9D6C-E3E8C96FA3B0}.Debug|x86.Build.0 = Debug|Any CPU
		{8CC6234E-61C0-4111-9D6C-E3E8C96FA3B0}.Release|Any CPU.ActiveCfg = Release|Any CPU
		{8CC6234E-61C0-4111-9D6C-E3E8C96FA3B0}.Release|Any CPU.Build.0 = Release|Any CPU
		{8CC6234E-61C0-4111-9D6C-E3E8C96FA3B0}.Release|ARM.ActiveCfg = Release|Any CPU
		{8CC6234E-61C0-4111-9D6C-E3E8C96FA3B0}.Release|ARM.Build.0 = Release|Any CPU
		{8CC6234E-61C0-4111-9D6C-E3E8C96FA3B0}.Release|iPhone.ActiveCfg = Release|Any CPU
		{8CC6234E-61C0-4111-9D6C-E3E8C96FA3B0}.Release|iPhone.Build.0 = Release|Any CPU
		{8CC6234E-61C0-4111-9D6C-E3E8C96FA3B0}.Release|iPhoneSimulator.ActiveCfg = Release|Any CPU
		{8CC6234E-61C0-4111-9D6C-E3E8C96FA3B0}.Release|iPhoneSimulator.Build.0 = Release|Any CPU
		{8CC6234E-61C0-4111-9D6C-E3E8C96FA3B0}.Release|x64.ActiveCfg = Release|Any CPU
		{8CC6234E-61C0-4111-9D6C-E3E8C96FA3B0}.Release|x64.Build.0 = Release|Any CPU
		{8CC6234E-61C0-4111-9D6C-E3E8C96FA3B0}.Release|x86.ActiveCfg = Release|Any CPU
		{8CC6234E-61C0-4111-9D6C-E3E8C96FA3B0}.Release|x86.Build.0 = Release|Any CPU
		{24CE3C36-16B9-426D-AA0C-5961ECF8D88C}.Ad-Hoc|Any CPU.ActiveCfg = Release|Any CPU
		{24CE3C36-16B9-426D-AA0C-5961ECF8D88C}.Ad-Hoc|Any CPU.Build.0 = Release|Any CPU
		{24CE3C36-16B9-426D-AA0C-5961ECF8D88C}.Ad-Hoc|Any CPU.Deploy.0 = Release|Any CPU
		{24CE3C36-16B9-426D-AA0C-5961ECF8D88C}.Ad-Hoc|ARM.ActiveCfg = Release|Any CPU
		{24CE3C36-16B9-426D-AA0C-5961ECF8D88C}.Ad-Hoc|ARM.Build.0 = Release|Any CPU
		{24CE3C36-16B9-426D-AA0C-5961ECF8D88C}.Ad-Hoc|ARM.Deploy.0 = Release|Any CPU
		{24CE3C36-16B9-426D-AA0C-5961ECF8D88C}.Ad-Hoc|iPhone.ActiveCfg = Release|Any CPU
		{24CE3C36-16B9-426D-AA0C-5961ECF8D88C}.Ad-Hoc|iPhone.Build.0 = Release|Any CPU
		{24CE3C36-16B9-426D-AA0C-5961ECF8D88C}.Ad-Hoc|iPhone.Deploy.0 = Release|Any CPU
		{24CE3C36-16B9-426D-AA0C-5961ECF8D88C}.Ad-Hoc|iPhoneSimulator.ActiveCfg = Release|Any CPU
		{24CE3C36-16B9-426D-AA0C-5961ECF8D88C}.Ad-Hoc|iPhoneSimulator.Build.0 = Release|Any CPU
		{24CE3C36-16B9-426D-AA0C-5961ECF8D88C}.Ad-Hoc|iPhoneSimulator.Deploy.0 = Release|Any CPU
		{24CE3C36-16B9-426D-AA0C-5961ECF8D88C}.Ad-Hoc|x64.ActiveCfg = Release|Any CPU
		{24CE3C36-16B9-426D-AA0C-5961ECF8D88C}.Ad-Hoc|x64.Build.0 = Release|Any CPU
		{24CE3C36-16B9-426D-AA0C-5961ECF8D88C}.Ad-Hoc|x64.Deploy.0 = Release|Any CPU
		{24CE3C36-16B9-426D-AA0C-5961ECF8D88C}.Ad-Hoc|x86.ActiveCfg = Release|Any CPU
		{24CE3C36-16B9-426D-AA0C-5961ECF8D88C}.Ad-Hoc|x86.Build.0 = Release|Any CPU
		{24CE3C36-16B9-426D-AA0C-5961ECF8D88C}.Ad-Hoc|x86.Deploy.0 = Release|Any CPU
		{24CE3C36-16B9-426D-AA0C-5961ECF8D88C}.AppStore|Any CPU.ActiveCfg = Release|Any CPU
		{24CE3C36-16B9-426D-AA0C-5961ECF8D88C}.AppStore|Any CPU.Build.0 = Release|Any CPU
		{24CE3C36-16B9-426D-AA0C-5961ECF8D88C}.AppStore|Any CPU.Deploy.0 = Release|Any CPU
		{24CE3C36-16B9-426D-AA0C-5961ECF8D88C}.AppStore|ARM.ActiveCfg = Release|Any CPU
		{24CE3C36-16B9-426D-AA0C-5961ECF8D88C}.AppStore|ARM.Build.0 = Release|Any CPU
		{24CE3C36-16B9-426D-AA0C-5961ECF8D88C}.AppStore|ARM.Deploy.0 = Release|Any CPU
		{24CE3C36-16B9-426D-AA0C-5961ECF8D88C}.AppStore|iPhone.ActiveCfg = Release|Any CPU
		{24CE3C36-16B9-426D-AA0C-5961ECF8D88C}.AppStore|iPhone.Build.0 = Release|Any CPU
		{24CE3C36-16B9-426D-AA0C-5961ECF8D88C}.AppStore|iPhone.Deploy.0 = Release|Any CPU
		{24CE3C36-16B9-426D-AA0C-5961ECF8D88C}.AppStore|iPhoneSimulator.ActiveCfg = Release|Any CPU
		{24CE3C36-16B9-426D-AA0C-5961ECF8D88C}.AppStore|iPhoneSimulator.Build.0 = Release|Any CPU
		{24CE3C36-16B9-426D-AA0C-5961ECF8D88C}.AppStore|iPhoneSimulator.Deploy.0 = Release|Any CPU
		{24CE3C36-16B9-426D-AA0C-5961ECF8D88C}.AppStore|x64.ActiveCfg = Release|Any CPU
		{24CE3C36-16B9-426D-AA0C-5961ECF8D88C}.AppStore|x64.Build.0 = Release|Any CPU
		{24CE3C36-16B9-426D-AA0C-5961ECF8D88C}.AppStore|x64.Deploy.0 = Release|Any CPU
		{24CE3C36-16B9-426D-AA0C-5961ECF8D88C}.AppStore|x86.ActiveCfg = Release|Any CPU
		{24CE3C36-16B9-426D-AA0C-5961ECF8D88C}.AppStore|x86.Build.0 = Release|Any CPU
		{24CE3C36-16B9-426D-AA0C-5961ECF8D88C}.AppStore|x86.Deploy.0 = Release|Any CPU
		{24CE3C36-16B9-426D-AA0C-5961ECF8D88C}.Debug|Any CPU.ActiveCfg = Debug|Any CPU
		{24CE3C36-16B9-426D-AA0C-5961ECF8D88C}.Debug|Any CPU.Build.0 = Debug|Any CPU
		{24CE3C36-16B9-426D-AA0C-5961ECF8D88C}.Debug|Any CPU.Deploy.0 = Debug|Any CPU
		{24CE3C36-16B9-426D-AA0C-5961ECF8D88C}.Debug|ARM.ActiveCfg = Debug|Any CPU
		{24CE3C36-16B9-426D-AA0C-5961ECF8D88C}.Debug|ARM.Build.0 = Debug|Any CPU
		{24CE3C36-16B9-426D-AA0C-5961ECF8D88C}.Debug|ARM.Deploy.0 = Debug|Any CPU
		{24CE3C36-16B9-426D-AA0C-5961ECF8D88C}.Debug|iPhone.ActiveCfg = Debug|Any CPU
		{24CE3C36-16B9-426D-AA0C-5961ECF8D88C}.Debug|iPhone.Build.0 = Debug|Any CPU
		{24CE3C36-16B9-426D-AA0C-5961ECF8D88C}.Debug|iPhone.Deploy.0 = Debug|Any CPU
		{24CE3C36-16B9-426D-AA0C-5961ECF8D88C}.Debug|iPhoneSimulator.ActiveCfg = Release|Any CPU
		{24CE3C36-16B9-426D-AA0C-5961ECF8D88C}.Debug|iPhoneSimulator.Build.0 = Release|Any CPU
		{24CE3C36-16B9-426D-AA0C-5961ECF8D88C}.Debug|iPhoneSimulator.Deploy.0 = Release|Any CPU
		{24CE3C36-16B9-426D-AA0C-5961ECF8D88C}.Debug|x64.ActiveCfg = Debug|Any CPU
		{24CE3C36-16B9-426D-AA0C-5961ECF8D88C}.Debug|x64.Build.0 = Debug|Any CPU
		{24CE3C36-16B9-426D-AA0C-5961ECF8D88C}.Debug|x64.Deploy.0 = Debug|Any CPU
		{24CE3C36-16B9-426D-AA0C-5961ECF8D88C}.Debug|x86.ActiveCfg = Debug|Any CPU
		{24CE3C36-16B9-426D-AA0C-5961ECF8D88C}.Debug|x86.Build.0 = Debug|Any CPU
		{24CE3C36-16B9-426D-AA0C-5961ECF8D88C}.Debug|x86.Deploy.0 = Debug|Any CPU
		{24CE3C36-16B9-426D-AA0C-5961ECF8D88C}.Release|Any CPU.ActiveCfg = Release|Any CPU
		{24CE3C36-16B9-426D-AA0C-5961ECF8D88C}.Release|Any CPU.Build.0 = Release|Any CPU
		{24CE3C36-16B9-426D-AA0C-5961ECF8D88C}.Release|Any CPU.Deploy.0 = Release|Any CPU
		{24CE3C36-16B9-426D-AA0C-5961ECF8D88C}.Release|ARM.ActiveCfg = Release|Any CPU
		{24CE3C36-16B9-426D-AA0C-5961ECF8D88C}.Release|ARM.Build.0 = Release|Any CPU
		{24CE3C36-16B9-426D-AA0C-5961ECF8D88C}.Release|ARM.Deploy.0 = Release|Any CPU
		{24CE3C36-16B9-426D-AA0C-5961ECF8D88C}.Release|iPhone.ActiveCfg = Release|Any CPU
		{24CE3C36-16B9-426D-AA0C-5961ECF8D88C}.Release|iPhone.Build.0 = Release|Any CPU
		{24CE3C36-16B9-426D-AA0C-5961ECF8D88C}.Release|iPhone.Deploy.0 = Release|Any CPU
		{24CE3C36-16B9-426D-AA0C-5961ECF8D88C}.Release|iPhoneSimulator.ActiveCfg = Release|Any CPU
		{24CE3C36-16B9-426D-AA0C-5961ECF8D88C}.Release|iPhoneSimulator.Build.0 = Release|Any CPU
		{24CE3C36-16B9-426D-AA0C-5961ECF8D88C}.Release|iPhoneSimulator.Deploy.0 = Release|Any CPU
		{24CE3C36-16B9-426D-AA0C-5961ECF8D88C}.Release|x64.ActiveCfg = Release|Any CPU
		{24CE3C36-16B9-426D-AA0C-5961ECF8D88C}.Release|x64.Build.0 = Release|Any CPU
		{24CE3C36-16B9-426D-AA0C-5961ECF8D88C}.Release|x64.Deploy.0 = Release|Any CPU
		{24CE3C36-16B9-426D-AA0C-5961ECF8D88C}.Release|x86.ActiveCfg = Release|Any CPU
		{24CE3C36-16B9-426D-AA0C-5961ECF8D88C}.Release|x86.Build.0 = Release|Any CPU
		{24CE3C36-16B9-426D-AA0C-5961ECF8D88C}.Release|x86.Deploy.0 = Release|Any CPU
		{B7B9CE3B-C468-4F54-A79C-3A808DE922E1}.Ad-Hoc|Any CPU.ActiveCfg = Release|iPhone
		{B7B9CE3B-C468-4F54-A79C-3A808DE922E1}.Ad-Hoc|Any CPU.Build.0 = Release|iPhone
		{B7B9CE3B-C468-4F54-A79C-3A808DE922E1}.Ad-Hoc|ARM.ActiveCfg = Release|iPhone
		{B7B9CE3B-C468-4F54-A79C-3A808DE922E1}.Ad-Hoc|ARM.Build.0 = Release|iPhone
		{B7B9CE3B-C468-4F54-A79C-3A808DE922E1}.Ad-Hoc|iPhone.ActiveCfg = Release|iPhone
		{B7B9CE3B-C468-4F54-A79C-3A808DE922E1}.Ad-Hoc|iPhone.Build.0 = Release|iPhone
		{B7B9CE3B-C468-4F54-A79C-3A808DE922E1}.Ad-Hoc|iPhoneSimulator.ActiveCfg = Release|iPhoneSimulator
		{B7B9CE3B-C468-4F54-A79C-3A808DE922E1}.Ad-Hoc|iPhoneSimulator.Build.0 = Release|iPhoneSimulator
		{B7B9CE3B-C468-4F54-A79C-3A808DE922E1}.Ad-Hoc|x64.ActiveCfg = Release|iPhone
		{B7B9CE3B-C468-4F54-A79C-3A808DE922E1}.Ad-Hoc|x64.Build.0 = Release|iPhone
		{B7B9CE3B-C468-4F54-A79C-3A808DE922E1}.Ad-Hoc|x86.ActiveCfg = Release|iPhone
		{B7B9CE3B-C468-4F54-A79C-3A808DE922E1}.Ad-Hoc|x86.Build.0 = Release|iPhone
		{B7B9CE3B-C468-4F54-A79C-3A808DE922E1}.AppStore|Any CPU.ActiveCfg = Release|iPhone
		{B7B9CE3B-C468-4F54-A79C-3A808DE922E1}.AppStore|Any CPU.Build.0 = Release|iPhone
		{B7B9CE3B-C468-4F54-A79C-3A808DE922E1}.AppStore|ARM.ActiveCfg = Release|iPhone
		{B7B9CE3B-C468-4F54-A79C-3A808DE922E1}.AppStore|ARM.Build.0 = Release|iPhone
		{B7B9CE3B-C468-4F54-A79C-3A808DE922E1}.AppStore|iPhone.ActiveCfg = Release|iPhone
		{B7B9CE3B-C468-4F54-A79C-3A808DE922E1}.AppStore|iPhone.Build.0 = Release|iPhone
		{B7B9CE3B-C468-4F54-A79C-3A808DE922E1}.AppStore|iPhoneSimulator.ActiveCfg = Release|iPhoneSimulator
		{B7B9CE3B-C468-4F54-A79C-3A808DE922E1}.AppStore|iPhoneSimulator.Build.0 = Release|iPhoneSimulator
		{B7B9CE3B-C468-4F54-A79C-3A808DE922E1}.AppStore|x64.ActiveCfg = Release|iPhone
		{B7B9CE3B-C468-4F54-A79C-3A808DE922E1}.AppStore|x64.Build.0 = Release|iPhone
		{B7B9CE3B-C468-4F54-A79C-3A808DE922E1}.AppStore|x86.ActiveCfg = Release|iPhone
		{B7B9CE3B-C468-4F54-A79C-3A808DE922E1}.AppStore|x86.Build.0 = Release|iPhone
		{B7B9CE3B-C468-4F54-A79C-3A808DE922E1}.Debug|Any CPU.ActiveCfg = Debug|iPhone
		{B7B9CE3B-C468-4F54-A79C-3A808DE922E1}.Debug|ARM.ActiveCfg = Debug|iPhone
		{B7B9CE3B-C468-4F54-A79C-3A808DE922E1}.Debug|iPhone.ActiveCfg = Debug|iPhone
		{B7B9CE3B-C468-4F54-A79C-3A808DE922E1}.Debug|iPhone.Build.0 = Debug|iPhone
		{B7B9CE3B-C468-4F54-A79C-3A808DE922E1}.Debug|iPhoneSimulator.ActiveCfg = Release|iPhoneSimulator
		{B7B9CE3B-C468-4F54-A79C-3A808DE922E1}.Debug|iPhoneSimulator.Build.0 = Release|iPhoneSimulator
		{B7B9CE3B-C468-4F54-A79C-3A808DE922E1}.Debug|x64.ActiveCfg = Debug|iPhone
		{B7B9CE3B-C468-4F54-A79C-3A808DE922E1}.Debug|x86.ActiveCfg = Debug|iPhone
		{B7B9CE3B-C468-4F54-A79C-3A808DE922E1}.Release|Any CPU.ActiveCfg = Release|iPhone
		{B7B9CE3B-C468-4F54-A79C-3A808DE922E1}.Release|ARM.ActiveCfg = Release|iPhone
		{B7B9CE3B-C468-4F54-A79C-3A808DE922E1}.Release|iPhone.ActiveCfg = Release|iPhone
		{B7B9CE3B-C468-4F54-A79C-3A808DE922E1}.Release|iPhone.Build.0 = Release|iPhone
		{B7B9CE3B-C468-4F54-A79C-3A808DE922E1}.Release|iPhoneSimulator.ActiveCfg = Release|iPhoneSimulator
		{B7B9CE3B-C468-4F54-A79C-3A808DE922E1}.Release|iPhoneSimulator.Build.0 = Release|iPhoneSimulator
		{B7B9CE3B-C468-4F54-A79C-3A808DE922E1}.Release|x64.ActiveCfg = Release|iPhone
		{B7B9CE3B-C468-4F54-A79C-3A808DE922E1}.Release|x86.ActiveCfg = Release|iPhone
		{91EF4F16-6E48-42BF-8BD2-1F8EB16C93BA}.Ad-Hoc|Any CPU.ActiveCfg = Release|x86
		{91EF4F16-6E48-42BF-8BD2-1F8EB16C93BA}.Ad-Hoc|Any CPU.Build.0 = Release|x86
		{91EF4F16-6E48-42BF-8BD2-1F8EB16C93BA}.Ad-Hoc|Any CPU.Deploy.0 = Release|x86
		{91EF4F16-6E48-42BF-8BD2-1F8EB16C93BA}.Ad-Hoc|ARM.ActiveCfg = Release|ARM
		{91EF4F16-6E48-42BF-8BD2-1F8EB16C93BA}.Ad-Hoc|ARM.Build.0 = Release|ARM
		{91EF4F16-6E48-42BF-8BD2-1F8EB16C93BA}.Ad-Hoc|ARM.Deploy.0 = Release|ARM
		{91EF4F16-6E48-42BF-8BD2-1F8EB16C93BA}.Ad-Hoc|iPhone.ActiveCfg = Release|x86
		{91EF4F16-6E48-42BF-8BD2-1F8EB16C93BA}.Ad-Hoc|iPhone.Build.0 = Release|x86
		{91EF4F16-6E48-42BF-8BD2-1F8EB16C93BA}.Ad-Hoc|iPhone.Deploy.0 = Release|x86
		{91EF4F16-6E48-42BF-8BD2-1F8EB16C93BA}.Ad-Hoc|iPhoneSimulator.ActiveCfg = Release|x86
		{91EF4F16-6E48-42BF-8BD2-1F8EB16C93BA}.Ad-Hoc|iPhoneSimulator.Build.0 = Release|x86
		{91EF4F16-6E48-42BF-8BD2-1F8EB16C93BA}.Ad-Hoc|iPhoneSimulator.Deploy.0 = Release|x86
		{91EF4F16-6E48-42BF-8BD2-1F8EB16C93BA}.Ad-Hoc|x64.ActiveCfg = Release|x64
		{91EF4F16-6E48-42BF-8BD2-1F8EB16C93BA}.Ad-Hoc|x64.Build.0 = Release|x64
		{91EF4F16-6E48-42BF-8BD2-1F8EB16C93BA}.Ad-Hoc|x64.Deploy.0 = Release|x64
		{91EF4F16-6E48-42BF-8BD2-1F8EB16C93BA}.Ad-Hoc|x86.ActiveCfg = Release|x86
		{91EF4F16-6E48-42BF-8BD2-1F8EB16C93BA}.Ad-Hoc|x86.Build.0 = Release|x86
		{91EF4F16-6E48-42BF-8BD2-1F8EB16C93BA}.Ad-Hoc|x86.Deploy.0 = Release|x86
		{91EF4F16-6E48-42BF-8BD2-1F8EB16C93BA}.AppStore|Any CPU.ActiveCfg = Release|x86
		{91EF4F16-6E48-42BF-8BD2-1F8EB16C93BA}.AppStore|Any CPU.Build.0 = Release|x86
		{91EF4F16-6E48-42BF-8BD2-1F8EB16C93BA}.AppStore|Any CPU.Deploy.0 = Release|x86
		{91EF4F16-6E48-42BF-8BD2-1F8EB16C93BA}.AppStore|ARM.ActiveCfg = Release|ARM
		{91EF4F16-6E48-42BF-8BD2-1F8EB16C93BA}.AppStore|ARM.Build.0 = Release|ARM
		{91EF4F16-6E48-42BF-8BD2-1F8EB16C93BA}.AppStore|ARM.Deploy.0 = Release|ARM
		{91EF4F16-6E48-42BF-8BD2-1F8EB16C93BA}.AppStore|iPhone.ActiveCfg = Release|x86
		{91EF4F16-6E48-42BF-8BD2-1F8EB16C93BA}.AppStore|iPhone.Build.0 = Release|x86
		{91EF4F16-6E48-42BF-8BD2-1F8EB16C93BA}.AppStore|iPhone.Deploy.0 = Release|x86
		{91EF4F16-6E48-42BF-8BD2-1F8EB16C93BA}.AppStore|iPhoneSimulator.ActiveCfg = Release|x86
		{91EF4F16-6E48-42BF-8BD2-1F8EB16C93BA}.AppStore|iPhoneSimulator.Build.0 = Release|x86
		{91EF4F16-6E48-42BF-8BD2-1F8EB16C93BA}.AppStore|iPhoneSimulator.Deploy.0 = Release|x86
		{91EF4F16-6E48-42BF-8BD2-1F8EB16C93BA}.AppStore|x64.ActiveCfg = Release|x64
		{91EF4F16-6E48-42BF-8BD2-1F8EB16C93BA}.AppStore|x64.Build.0 = Release|x64
		{91EF4F16-6E48-42BF-8BD2-1F8EB16C93BA}.AppStore|x64.Deploy.0 = Release|x64
		{91EF4F16-6E48-42BF-8BD2-1F8EB16C93BA}.AppStore|x86.ActiveCfg = Release|x86
		{91EF4F16-6E48-42BF-8BD2-1F8EB16C93BA}.AppStore|x86.Build.0 = Release|x86
		{91EF4F16-6E48-42BF-8BD2-1F8EB16C93BA}.AppStore|x86.Deploy.0 = Release|x86
		{91EF4F16-6E48-42BF-8BD2-1F8EB16C93BA}.Debug|Any CPU.ActiveCfg = Debug|x86
		{91EF4F16-6E48-42BF-8BD2-1F8EB16C93BA}.Debug|ARM.ActiveCfg = Debug|ARM
		{91EF4F16-6E48-42BF-8BD2-1F8EB16C93BA}.Debug|ARM.Build.0 = Debug|ARM
		{91EF4F16-6E48-42BF-8BD2-1F8EB16C93BA}.Debug|ARM.Deploy.0 = Debug|ARM
		{91EF4F16-6E48-42BF-8BD2-1F8EB16C93BA}.Debug|iPhone.ActiveCfg = Debug|x86
		{91EF4F16-6E48-42BF-8BD2-1F8EB16C93BA}.Debug|iPhoneSimulator.ActiveCfg = Release|x86
		{91EF4F16-6E48-42BF-8BD2-1F8EB16C93BA}.Debug|iPhoneSimulator.Build.0 = Release|x86
		{91EF4F16-6E48-42BF-8BD2-1F8EB16C93BA}.Debug|x64.ActiveCfg = Debug|x64
		{91EF4F16-6E48-42BF-8BD2-1F8EB16C93BA}.Debug|x64.Build.0 = Debug|x64
		{91EF4F16-6E48-42BF-8BD2-1F8EB16C93BA}.Debug|x64.Deploy.0 = Debug|x64
		{91EF4F16-6E48-42BF-8BD2-1F8EB16C93BA}.Debug|x86.ActiveCfg = Debug|x86
		{91EF4F16-6E48-42BF-8BD2-1F8EB16C93BA}.Debug|x86.Build.0 = Debug|x86
		{91EF4F16-6E48-42BF-8BD2-1F8EB16C93BA}.Debug|x86.Deploy.0 = Debug|x86
		{91EF4F16-6E48-42BF-8BD2-1F8EB16C93BA}.Release|Any CPU.ActiveCfg = Release|x86
		{91EF4F16-6E48-42BF-8BD2-1F8EB16C93BA}.Release|ARM.ActiveCfg = Release|ARM
		{91EF4F16-6E48-42BF-8BD2-1F8EB16C93BA}.Release|ARM.Build.0 = Release|ARM
		{91EF4F16-6E48-42BF-8BD2-1F8EB16C93BA}.Release|ARM.Deploy.0 = Release|ARM
		{91EF4F16-6E48-42BF-8BD2-1F8EB16C93BA}.Release|iPhone.ActiveCfg = Release|x86
		{91EF4F16-6E48-42BF-8BD2-1F8EB16C93BA}.Release|iPhoneSimulator.ActiveCfg = Release|x86
		{91EF4F16-6E48-42BF-8BD2-1F8EB16C93BA}.Release|iPhoneSimulator.Build.0 = Release|x86
		{91EF4F16-6E48-42BF-8BD2-1F8EB16C93BA}.Release|x64.ActiveCfg = Release|x64
		{91EF4F16-6E48-42BF-8BD2-1F8EB16C93BA}.Release|x64.Build.0 = Release|x64
		{91EF4F16-6E48-42BF-8BD2-1F8EB16C93BA}.Release|x64.Deploy.0 = Release|x64
		{91EF4F16-6E48-42BF-8BD2-1F8EB16C93BA}.Release|x86.ActiveCfg = Release|x86
		{91EF4F16-6E48-42BF-8BD2-1F8EB16C93BA}.Release|x86.Build.0 = Release|x86
		{91EF4F16-6E48-42BF-8BD2-1F8EB16C93BA}.Release|x86.Deploy.0 = Release|x86
		{B6EC2006-71E9-4B90-9AB9-9E66593AF4A9}.Ad-Hoc|Any CPU.ActiveCfg = Debug|Any CPU
		{B6EC2006-71E9-4B90-9AB9-9E66593AF4A9}.Ad-Hoc|Any CPU.Build.0 = Debug|Any CPU
		{B6EC2006-71E9-4B90-9AB9-9E66593AF4A9}.Ad-Hoc|ARM.ActiveCfg = Debug|Any CPU
		{B6EC2006-71E9-4B90-9AB9-9E66593AF4A9}.Ad-Hoc|ARM.Build.0 = Debug|Any CPU
		{B6EC2006-71E9-4B90-9AB9-9E66593AF4A9}.Ad-Hoc|iPhone.ActiveCfg = Debug|Any CPU
		{B6EC2006-71E9-4B90-9AB9-9E66593AF4A9}.Ad-Hoc|iPhone.Build.0 = Debug|Any CPU
		{B6EC2006-71E9-4B90-9AB9-9E66593AF4A9}.Ad-Hoc|iPhoneSimulator.ActiveCfg = Debug|Any CPU
		{B6EC2006-71E9-4B90-9AB9-9E66593AF4A9}.Ad-Hoc|iPhoneSimulator.Build.0 = Debug|Any CPU
		{B6EC2006-71E9-4B90-9AB9-9E66593AF4A9}.Ad-Hoc|x64.ActiveCfg = Debug|Any CPU
		{B6EC2006-71E9-4B90-9AB9-9E66593AF4A9}.Ad-Hoc|x64.Build.0 = Debug|Any CPU
		{B6EC2006-71E9-4B90-9AB9-9E66593AF4A9}.Ad-Hoc|x86.ActiveCfg = Debug|Any CPU
		{B6EC2006-71E9-4B90-9AB9-9E66593AF4A9}.Ad-Hoc|x86.Build.0 = Debug|Any CPU
		{B6EC2006-71E9-4B90-9AB9-9E66593AF4A9}.AppStore|Any CPU.ActiveCfg = Debug|Any CPU
		{B6EC2006-71E9-4B90-9AB9-9E66593AF4A9}.AppStore|Any CPU.Build.0 = Debug|Any CPU
		{B6EC2006-71E9-4B90-9AB9-9E66593AF4A9}.AppStore|ARM.ActiveCfg = Debug|Any CPU
		{B6EC2006-71E9-4B90-9AB9-9E66593AF4A9}.AppStore|ARM.Build.0 = Debug|Any CPU
		{B6EC2006-71E9-4B90-9AB9-9E66593AF4A9}.AppStore|iPhone.ActiveCfg = Debug|Any CPU
		{B6EC2006-71E9-4B90-9AB9-9E66593AF4A9}.AppStore|iPhone.Build.0 = Debug|Any CPU
		{B6EC2006-71E9-4B90-9AB9-9E66593AF4A9}.AppStore|iPhoneSimulator.ActiveCfg = Debug|Any CPU
		{B6EC2006-71E9-4B90-9AB9-9E66593AF4A9}.AppStore|iPhoneSimulator.Build.0 = Debug|Any CPU
		{B6EC2006-71E9-4B90-9AB9-9E66593AF4A9}.AppStore|x64.ActiveCfg = Debug|Any CPU
		{B6EC2006-71E9-4B90-9AB9-9E66593AF4A9}.AppStore|x64.Build.0 = Debug|Any CPU
		{B6EC2006-71E9-4B90-9AB9-9E66593AF4A9}.AppStore|x86.ActiveCfg = Debug|Any CPU
		{B6EC2006-71E9-4B90-9AB9-9E66593AF4A9}.AppStore|x86.Build.0 = Debug|Any CPU
		{B6EC2006-71E9-4B90-9AB9-9E66593AF4A9}.Debug|Any CPU.ActiveCfg = Debug|Any CPU
		{B6EC2006-71E9-4B90-9AB9-9E66593AF4A9}.Debug|Any CPU.Build.0 = Debug|Any CPU
		{B6EC2006-71E9-4B90-9AB9-9E66593AF4A9}.Debug|ARM.ActiveCfg = Debug|Any CPU
		{B6EC2006-71E9-4B90-9AB9-9E66593AF4A9}.Debug|ARM.Build.0 = Debug|Any CPU
		{B6EC2006-71E9-4B90-9AB9-9E66593AF4A9}.Debug|iPhone.ActiveCfg = Debug|Any CPU
		{B6EC2006-71E9-4B90-9AB9-9E66593AF4A9}.Debug|iPhone.Build.0 = Debug|Any CPU
		{B6EC2006-71E9-4B90-9AB9-9E66593AF4A9}.Debug|iPhoneSimulator.ActiveCfg = Debug|Any CPU
		{B6EC2006-71E9-4B90-9AB9-9E66593AF4A9}.Debug|iPhoneSimulator.Build.0 = Debug|Any CPU
		{B6EC2006-71E9-4B90-9AB9-9E66593AF4A9}.Debug|x64.ActiveCfg = Debug|Any CPU
		{B6EC2006-71E9-4B90-9AB9-9E66593AF4A9}.Debug|x64.Build.0 = Debug|Any CPU
		{B6EC2006-71E9-4B90-9AB9-9E66593AF4A9}.Debug|x86.ActiveCfg = Debug|Any CPU
		{B6EC2006-71E9-4B90-9AB9-9E66593AF4A9}.Debug|x86.Build.0 = Debug|Any CPU
		{B6EC2006-71E9-4B90-9AB9-9E66593AF4A9}.Release|Any CPU.ActiveCfg = Release|Any CPU
		{B6EC2006-71E9-4B90-9AB9-9E66593AF4A9}.Release|Any CPU.Build.0 = Release|Any CPU
		{B6EC2006-71E9-4B90-9AB9-9E66593AF4A9}.Release|ARM.ActiveCfg = Release|Any CPU
		{B6EC2006-71E9-4B90-9AB9-9E66593AF4A9}.Release|ARM.Build.0 = Release|Any CPU
		{B6EC2006-71E9-4B90-9AB9-9E66593AF4A9}.Release|iPhone.ActiveCfg = Release|Any CPU
		{B6EC2006-71E9-4B90-9AB9-9E66593AF4A9}.Release|iPhone.Build.0 = Release|Any CPU
		{B6EC2006-71E9-4B90-9AB9-9E66593AF4A9}.Release|iPhoneSimulator.ActiveCfg = Debug|Any CPU
		{B6EC2006-71E9-4B90-9AB9-9E66593AF4A9}.Release|iPhoneSimulator.Build.0 = Debug|Any CPU
		{B6EC2006-71E9-4B90-9AB9-9E66593AF4A9}.Release|x64.ActiveCfg = Release|Any CPU
		{B6EC2006-71E9-4B90-9AB9-9E66593AF4A9}.Release|x64.Build.0 = Release|Any CPU
		{B6EC2006-71E9-4B90-9AB9-9E66593AF4A9}.Release|x86.ActiveCfg = Release|Any CPU
		{B6EC2006-71E9-4B90-9AB9-9E66593AF4A9}.Release|x86.Build.0 = Release|Any CPU
	EndGlobalSection
	GlobalSection(SolutionProperties) = preSolution
		HideSolutionNode = FALSE
	EndGlobalSection
	GlobalSection(NestedProjects) = preSolution
		{24CE3C36-16B9-426D-AA0C-5961ECF8D88C} = {89174D45-86CC-4912-A4FA-374C128D4E58}
		{B7B9CE3B-C468-4F54-A79C-3A808DE922E1} = {89174D45-86CC-4912-A4FA-374C128D4E58}
		{91EF4F16-6E48-42BF-8BD2-1F8EB16C93BA} = {89174D45-86CC-4912-A4FA-374C128D4E58}
		{B6EC2006-71E9-4B90-9AB9-9E66593AF4A9} = {89174D45-86CC-4912-A4FA-374C128D4E58}
	EndGlobalSection
	GlobalSection(ExtensibilityGlobals) = postSolution
		SolutionGuid = {DF5DF61D-6BEC-4B5E-A75C-901B829201FA}
	EndGlobalSection
EndGlobal
